# This file is automatically @generated by Cargo.
# It is not intended for manual editing.
version = 3

[[package]]
name = "demi"
version = "0.1.0"

[[package]]
name = "dl"
version = "0.1.0"
dependencies = [
 "dl-sys",
]

[[package]]
name = "dl-sys"
version = "0.1.0"

[[package]]
name = "vk-sys"
version = "0.1.0"
dependencies = [
 "dl",
]

[[package]]
name = "wlcli-sys"
version = "0.1.0"
dependencies = [
 "dl",
]
